# THIS IS AN AUTOGENERATED FILE. DO NOT EDIT THIS FILE DIRECTLY.
# yarn lockfile v1


"@types/node@^10.11.7":
  version "10.12.11"
  resolved "https://registry.yarnpkg.com/@types/node/-/node-10.12.11.tgz#715c476c99a5f6898a1ae61caf9825e43c03912e"
  integrity sha512-3iIOhNiPGTdcUNVCv9e5G7GotfvJJe2pc9w2UgDXlUwnxSZ3RgcUocIU+xYm+rTU54jIKih998QE4dMOyMN1NQ==

"@types/semver@^5.5.0":
  version "5.5.0"
  resolved "https://registry.yarnpkg.com/@types/semver/-/semver-5.5.0.tgz#146c2a29ee7d3bae4bf2fcb274636e264c813c45"
  integrity sha512-41qEJgBH/TWgo5NFSvBCJ1qkoi3Q6ONSF2avrHq1LVEZfYpdHmj0y9SuTK+u9ZhG1sYQKBL1AWXKyLWP4RaUoQ==

abbrev@1:
  version "1.1.1"
  resolved "https://registry.yarnpkg.com/abbrev/-/abbrev-1.1.1.tgz#f8f2c887ad10bf67f634f005b6987fed3179aac8"
  integrity sha512-nne9/IiQ/hzIhY6pdDnbBtz7DjPTKrY00P/zvPSm5pOFkl6xuGrGnXn/VtTNNfNtAfZ9/1RtehkszU9qcTii0Q==

bulma-timeline@^3.0.0:
  version "3.0.0"
  resolved "https://registry.yarnpkg.com/bulma-timeline/-/bulma-timeline-3.0.0.tgz#2ab7c60618b859941ea1cb5a282fbb41c348ea4c"
  integrity sha512-+3HCu4ey1LxDc/0IlEegy6cL3WQ6uc4ZOEBvTcKgU5bQjoCC2DKBG1rRKoGjv3nBe1SvMLBJv7xsJ1GqiI07vA==

bulma@^0.7.2:
  version "0.7.2"
  resolved "https://registry.yarnpkg.com/bulma/-/bulma-0.7.2.tgz#8e944377b74c7926558830d38d8e19eaf49f5fb6"
  integrity sha512-6JHEu8U/1xsyOst/El5ImLcZIiE2JFXgvrz8GGWbnDLwTNRPJzdAM0aoUM1Ns0avALcVb6KZz9NhzmU53dGDcQ==

commander@^2.19.0:
  version "2.19.0"
  resolved "https://registry.yarnpkg.com/commander/-/commander-2.19.0.tgz#f6198aa84e5b83c46054b94ddedbfed5ee9ff12a"
  integrity sha512-6tvAOO+D6OENvRAh524Dh9jcfKTYDQAqvqezbCW82xj5X0pSrcpxtvRKHLG0yBY6SD7PSDrJaj+0AiOcKVd1Xg==

config-chain@~1.1.5:
  version "1.1.12"
  resolved "https://registry.yarnpkg.com/config-chain/-/config-chain-1.1.12.tgz#0fde8d091200eb5e808caf25fe618c02f48e4efa"
  integrity sha512-a1eOIcu8+7lUInge4Rpf/n4Krkf3Dd9lqhljRzII1/Zno/kRtUWnznPO3jOKBmTEktkt3fkxisUcivoj0ebzoA==
  dependencies:
    ini "^1.3.4"
    proto-list "~1.2.1"

editorconfig@^0.15.0:
  version "0.15.2"
  resolved "https://registry.yarnpkg.com/editorconfig/-/editorconfig-0.15.2.tgz#047be983abb9ab3c2eefe5199cb2b7c5689f0702"
  integrity sha512-GWjSI19PVJAM9IZRGOS+YKI8LN+/sjkSjNyvxL5ucqP9/IqtYNXBaQ/6c/hkPNYQHyOHra2KoXZI/JVpuqwmcQ==
  dependencies:
    "@types/node" "^10.11.7"
    "@types/semver" "^5.5.0"
    commander "^2.19.0"
    lru-cache "^4.1.3"
    semver "^5.6.0"
    sigmund "^1.0.1"

ini@^1.3.4:
  version "1.3.5"
  resolved "https://registry.yarnpkg.com/ini/-/ini-1.3.5.tgz#eee25f56db1c9ec6085e0c22778083f596abf927"
  integrity sha512-RZY5huIKCMRWDUqZlEi72f/lmXKMvuszcMBduliQ3nnWbx9X/ZBQO7DijMEYS9EhHBb2qacRUMtC7svLwe0lcw==

js-beautify@^1.8.8:
  version "1.8.8"
  resolved "https://registry.yarnpkg.com/js-beautify/-/js-beautify-1.8.8.tgz#1eb175b73a3571a5f1ed8d98e7cf2b05bfa98471"
  integrity sha512-qVNq7ZZ7ZbLdzorvSlRDadS0Rh5oyItaE95v6I4wbbuSiijxn7SnnsV6dvKlcXuO2jX7lK8tn9fBulx34K/Ejg==
  dependencies:
    config-chain "~1.1.5"
    editorconfig "^0.15.0"
    mkdirp "~0.5.0"
    nopt "~4.0.1"

lru-cache@^4.1.3:
  version "4.1.5"
  resolved "https://registry.yarnpkg.com/lru-cache/-/lru-cache-4.1.5.tgz#8bbe50ea85bed59bc9e33dcab8235ee9bcf443cd"
  integrity sha512-sWZlbEP2OsHNkXrMl5GYk/jKk70MBng6UU4YI/qGDYbgf6YbP4EvmqISbXCoJiRKs+1bSpFHVgQxvJ17F2li5g==
  dependencies:
    pseudomap "^1.0.2"
    yallist "^2.1.2"

minimist@0.0.8:
  version "0.0.8"
  resolved "https://registry.yarnpkg.com/minimist/-/minimist-0.0.8.tgz#857fcabfc3397d2625b8228262e86aa7a011b05d"
  integrity sha1-hX/Kv8M5fSYluCKCYuhqp6ARsF0=

mkdirp@~0.5.0:
  version "0.5.1"
  resolved "https://registry.yarnpkg.com/mkdirp/-/mkdirp-0.5.1.tgz#30057438eac6cf7f8c4767f38648d6697d75c903"
  integrity sha1-MAV0OOrGz3+MR2fzhkjWaX11yQM=
  dependencies:
    minimist "0.0.8"

nopt@~4.0.1:
  version "4.0.1"
  resolved "https://registry.yarnpkg.com/nopt/-/nopt-4.0.1.tgz#d0d4685afd5415193c8c7505602d0d17cd64474d"
  integrity sha1-0NRoWv1UFRk8jHUFYC0NF81kR00=
  dependencies:
    abbrev "1"
    osenv "^0.1.4"

os-homedir@^1.0.0:
  version "1.0.2"
  resolved "https://registry.yarnpkg.com/os-homedir/-/os-homedir-1.0.2.tgz#ffbc4988336e0e833de0c168c7ef152121aa7fb3"
  integrity sha1-/7xJiDNuDoM94MFox+8VISGqf7M=

os-tmpdir@^1.0.0:
  version "1.0.2"
  resolved "https://registry.yarnpkg.com/os-tmpdir/-/os-tmpdir-1.0.2.tgz#bbe67406c79aa85c5cfec766fe5734555dfa1274"
  integrity sha1-u+Z0BseaqFxc/sdm/lc0VV36EnQ=

osenv@^0.1.4:
  version "0.1.5"
  resolved "https://registry.yarnpkg.com/osenv/-/osenv-0.1.5.tgz#85cdfafaeb28e8677f416e287592b5f3f49ea410"
  integrity sha512-0CWcCECdMVc2Rw3U5w9ZjqX6ga6ubk1xDVKxtBQPK7wis/0F2r9T6k4ydGYhecl7YUBxBVxhL5oisPsNxAPe2g==
  dependencies:
    os-homedir "^1.0.0"
    os-tmpdir "^1.0.0"

proto-list@~1.2.1:
  version "1.2.4"
  resolved "https://registry.yarnpkg.com/proto-list/-/proto-list-1.2.4.tgz#212d5bfe1318306a420f6402b8e26ff39647a849"
  integrity sha1-IS1b/hMYMGpCD2QCuOJv85ZHqEk=

pseudomap@^1.0.2:
  version "1.0.2"
  resolved "https://registry.yarnpkg.com/pseudomap/-/pseudomap-1.0.2.tgz#f052a28da70e618917ef0a8ac34c1ae5a68286b3"
  integrity sha1-8FKijacOYYkX7wqKw0wa5aaChrM=

semver@^5.6.0:
  version "5.6.0"
  resolved "https://registry.yarnpkg.com/semver/-/semver-5.6.0.tgz#7e74256fbaa49c75aa7c7a205cc22799cac80004"
  integrity sha512-RS9R6R35NYgQn++fkDWaOmqGoj4Ek9gGs+DPxNUZKuwE183xjJroKvyo1IzVFeXvUrvmALy6FWD5xrdJT25gMg==

sigmund@^1.0.1:
  version "1.0.1"
  resolved "https://registry.yarnpkg.com/sigmund/-/sigmund-1.0.1.tgz#3ff21f198cad2175f9f3b781853fd94d0d19b590"
  integrity sha1-P/IfGYytIXX587eBhT/ZTQ0ZtZA=

turbolinks@^5.2.0:
  version "5.2.0"
  resolved "https://registry.yarnpkg.com/turbolinks/-/turbolinks-5.2.0.tgz#e6877a55ea5c1cb3bb225f0a4ae303d6d32ff77c"
  integrity sha512-pMiez3tyBo6uRHFNNZoYMmrES/IaGgMhQQM+VFF36keryjb5ms0XkVpmKHkfW/4Vy96qiGW3K9bz0tF5sK9bBw==

yallist@^2.1.2:
  version "2.1.2"
  resolved "https://registry.yarnpkg.com/yallist/-/yallist-2.1.2.tgz#1c11f9218f076089a47dd512f93c6699a6a81d52"
  integrity sha1-HBH5IY8HYImkfdUS+TxmmaaoHVI=
